
Microsoft Visual Studio Solution File, Format Version 12.00
# Visual Studio 15
VisualStudioVersion = 15.0.27130.2027
MinimumVisualStudioVersion = 10.0.40219.1
Project("{FAE04EC0-301F-11D3-BF4B-00C04F79EFBC}") = "Calculator", "Calculator\Calculator.csproj", "{1CFEF322-AFC8-4F85-8912-8E3C5E2FE6CF}"
EndProject
Global
	GlobalSection(SolutionConfigurationPlatforms) = preSolution
		Debug|Any CPU = Debug|Any CPU
		Release|Any CPU = Release|Any CPU
	EndGlobalSection
	GlobalSection(ProjectConfigurationPlatforms) = postSolution
		{1CFEF322-AFC8-4F85-8912-8E3C5E2FE6CF}.Debug|Any CPU.ActiveCfg = Debug|Any CPU
		{1CFEF322-AFC8-4F85-8912-8E3C5E2FE6CF}.Debug|Any CPU.Build.0 = Debug|Any CPU
		{1CFEF322-AFC8-4F85-8912-8E3C5E2FE6CF}.Release|Any CPU.ActiveCfg = Release|Any CPU
		{1CFEF322-AFC8-4F85-8912-8E3C5E2FE6CF}.Release|Any CPU.Build.0 = Release|Any CPU
	EndGlobalSection
	GlobalSection(SolutionProperties) = preSolution
		HideSolutionNode = FALSE
	EndGlobalSection
	GlobalSection(ExtensibilityGlobals) = postSolution
		SolutionGuid = {CB7CD408-EEA0-402E-B980-3C5E8C33B264}
	EndGlobalSection
EndGlobal
